
Microsoft Visual Studio Solution File, Format Version 12.00
# Visual Studio Version 16
VisualStudioVersion = 16.0.31911.196
MinimumVisualStudioVersion = 10.0.40219.1
Project("{8BC9CEB8-8B4A-11D0-8D11-00A0C91BC942}") = "STACKARRAY", "STACKARRAY\STACKARRAY.vcxproj", "{B6F069F2-AB4E-4152-9032-A5424CD193FF}"
EndProject
Global
	GlobalSection(SolutionConfigurationPlatforms) = preSolution
		Debug|x64 = Debug|x64
		Debug|x86 = Debug|x86
		Release|x64 = Release|x64
		Release|x86 = Release|x86
	EndGlobalSection
	GlobalSection(ProjectConfigurationPlatforms) = postSolution
		{B6F069F2-AB4E-4152-9032-A5424CD193FF}.Debug|x64.ActiveCfg = Debug|x64
		{B6F069F2-AB4E-4152-9032-A5424CD193FF}.Debug|x64.Build.0 = Debug|x64
		{B6F069F2-AB4E-4152-9032-A5424CD193FF}.Debug|x86.ActiveCfg = Debug|Win32
		{B6F069F2-AB4E-4152-9032-A5424CD193FF}.Debug|x86.Build.0 = Debug|Win32
		{B6F069F2-AB4E-4152-9032-A5424CD193FF}.Release|x64.ActiveCfg = Release|x64
		{B6F069F2-AB4E-4152-9032-A5424CD193FF}.Release|x64.Build.0 = Release|x64
		{B6F069F2-AB4E-4152-9032-A5424CD193FF}.Release|x86.ActiveCfg = Release|Win32
		{B6F069F2-AB4E-4152-9032-A5424CD193FF}.Release|x86.Build.0 = Release|Win32
	EndGlobalSection
	GlobalSection(SolutionProperties) = preSolution
		HideSolutionNode = FALSE
	EndGlobalSection
	GlobalSection(ExtensibilityGlobals) = postSolution
		SolutionGuid = {3DB2922E-3CFF-4D07-9E60-ED2B31ED9CAE}
	EndGlobalSection
EndGlobal
